
Microsoft Visual Studio Solution File, Format Version 12.00
# Visual Studio Version 17
VisualStudioVersion = 17.4.33122.133
MinimumVisualStudioVersion = 10.0.40219.1
Project("{FAE04EC0-301F-11D3-BF4B-00C04F79EFBC}") = "TestTask", "TestTask.csproj", "{11C87855-0C99-44A1-B873-FE7E2BB0A96C}"
EndProject
Global
	GlobalSection(SolutionConfigurationPlatforms) = preSolution
		Debug|Any CPU = Debug|Any CPU
		Release|Any CPU = Release|Any CPU
	EndGlobalSection
	GlobalSection(ProjectConfigurationPlatforms) = postSolution
		{11C87855-0C99-44A1-B873-FE7E2BB0A96C}.Debug|Any CPU.ActiveCfg = Debug|Any CPU
		{11C87855-0C99-44A1-B873-FE7E2BB0A96C}.Debug|Any CPU.Build.0 = Debug|Any CPU
		{11C87855-0C99-44A1-B873-FE7E2BB0A96C}.Release|Any CPU.ActiveCfg = Release|Any CPU
		{11C87855-0C99-44A1-B873-FE7E2BB0A96C}.Release|Any CPU.Build.0 = Release|Any CPU
	EndGlobalSection
	GlobalSection(SolutionProperties) = preSolution
		HideSolutionNode = FALSE
	EndGlobalSection
	GlobalSection(ExtensibilityGlobals) = postSolution
		SolutionGuid = {CBD85881-8256-44F0-A621-0B5D65FD60F4}
	EndGlobalSection
EndGlobal
